// !$*UTF8*$!
{
	archiveVersion = 1;
	classes = {
	};
	objectVersion = 51;
	objects = {

/* Begin PBXBuildFile section */
		391AE0E422FAC9CF00E7F5BC /* FilterTagCell.swift in Sources */ = {isa = PBXBuildFile; fileRef = 391AE0E322FAC9CF00E7F5BC /* FilterTagCell.swift */; };
		391AE0E622FACD2F00E7F5BC /* Author.swift in Sources */ = {isa = PBXBuildFile; fileRef = 391AE0E522FACD2F00E7F5BC /* Author.swift */; };
		391AE0EE22FACD5900E7F5BC /* Tag.swift in Sources */ = {isa = PBXBuildFile; fileRef = 391AE0EC22FACD5900E7F5BC /* Tag.swift */; };
		391AE0EF22FACD5900E7F5BC /* SongBookRecord.swift in Sources */ = {isa = PBXBuildFile; fileRef = 391AE0ED22FACD5900E7F5BC /* SongBookRecord.swift */; };
		391AE0F122FACD7C00E7F5BC /* AlignedCollectionViewFlowLayout.swift in Sources */ = {isa = PBXBuildFile; fileRef = 391AE0F022FACD7C00E7F5BC /* AlignedCollectionViewFlowLayout.swift */; };
		391B94D723BD040B00509728 /* TableViewHeader.swift in Sources */ = {isa = PBXBuildFile; fileRef = 391B94D623BD040B00509728 /* TableViewHeader.swift */; };
		391F764623BE2AEE008BDD0F /* Zpevnik.xcdatamodeld in Sources */ = {isa = PBXBuildFile; fileRef = 391F764223BE2AEE008BDD0F /* Zpevnik.xcdatamodeld */; };
		391F764823BF4121008BDD0F /* UserViewVC.swift in Sources */ = {isa = PBXBuildFile; fileRef = 391F764723BF4121008BDD0F /* UserViewVC.swift */; };
		391F764A23BF5A4C008BDD0F /* SearchViewVC.swift in Sources */ = {isa = PBXBuildFile; fileRef = 391F764923BF5A4C008BDD0F /* SearchViewVC.swift */; };
		391F764C23BF60DB008BDD0F /* ViewController.swift in Sources */ = {isa = PBXBuildFile; fileRef = 391F764B23BF60DB008BDD0F /* ViewController.swift */; };
		392FFCA2234A8C1A00296903 /* LaunchScreen.storyboard in Resources */ = {isa = PBXBuildFile; fileRef = 392FFCA1234A8C1A00296903 /* LaunchScreen.storyboard */; };
		39357F5723C0C155001B0387 /* FilterTagHeader.swift in Sources */ = {isa = PBXBuildFile; fileRef = 39357F5623C0C154001B0387 /* FilterTagHeader.swift */; };
		39357F5923C1F765001B0387 /* HalfViewPresentationManager.swift in Sources */ = {isa = PBXBuildFile; fileRef = 39357F5823C1F765001B0387 /* HalfViewPresentationManager.swift */; };
		39357F5B23C1F862001B0387 /* HalfViewPresentationController.swift in Sources */ = {isa = PBXBuildFile; fileRef = 39357F5A23C1F862001B0387 /* HalfViewPresentationController.swift */; };
		3939FA6E22FC129600F9AED1 /* AboutVC.swift in Sources */ = {isa = PBXBuildFile; fileRef = 3939FA6D22FC129600F9AED1 /* AboutVC.swift */; };
		3939FA7422FC541C00F9AED1 /* Song.swift in Sources */ = {isa = PBXBuildFile; fileRef = 3939FA7322FC541C00F9AED1 /* Song.swift */; };
		3939FA7622FC657800F9AED1 /* MoreOptionsVC.swift in Sources */ = {isa = PBXBuildFile; fileRef = 3939FA7522FC657800F9AED1 /* MoreOptionsVC.swift */; };
		393C335F23C7C1CD00E496AB /* SongListViewVC.swift in Sources */ = {isa = PBXBuildFile; fileRef = 393C335E23C7C1CD00E496AB /* SongListViewVC.swift */; };
		397B625B22E9BE4300B9CCEC /* Protocols.swift in Sources */ = {isa = PBXBuildFile; fileRef = 397B625A22E9BE4300B9CCEC /* Protocols.swift */; };
		397B625D22EA22A800B9CCEC /* SongLyricCell.swift in Sources */ = {isa = PBXBuildFile; fileRef = 397B625C22EA22A800B9CCEC /* SongLyricCell.swift */; };
		397B625F22EA25B400B9CCEC /* SongLyricVC.swift in Sources */ = {isa = PBXBuildFile; fileRef = 397B625E22EA25B400B9CCEC /* SongLyricVC.swift */; };
		397B626122EC2B6200B9CCEC /* SongLyric.swift in Sources */ = {isa = PBXBuildFile; fileRef = 397B626022EC2B6200B9CCEC /* SongLyric.swift */; };
		397B626322EC2E2900B9CCEC /* SongBook.swift in Sources */ = {isa = PBXBuildFile; fileRef = 397B626222EC2E2900B9CCEC /* SongBook.swift */; };
		397BADA12301510400AB75FD /* SongLyricDataSource.swift in Sources */ = {isa = PBXBuildFile; fileRef = 397BADA02301510400AB75FD /* SongLyricDataSource.swift */; };
		397BADA32301510E00AB75FD /* SongBookDataSource.swift in Sources */ = {isa = PBXBuildFile; fileRef = 397BADA22301510E00AB75FD /* SongBookDataSource.swift */; };
		3980061423C6572F0049ADC2 /* FilterTagDataSource.swift in Sources */ = {isa = PBXBuildFile; fileRef = 3980061323C6572E0049ADC2 /* FilterTagDataSource.swift */; };
		3982AD50233A317700EB0F8F /* SongBookViewVC.swift in Sources */ = {isa = PBXBuildFile; fileRef = 3982AD4A233A317700EB0F8F /* SongBookViewVC.swift */; };
		3982AD53233A317700EB0F8F /* FavoriteListVC.swift in Sources */ = {isa = PBXBuildFile; fileRef = 3982AD4D233A317700EB0F8F /* FavoriteListVC.swift */; };
		3982AD55233A317700EB0F8F /* SongBooksListVC.swift in Sources */ = {isa = PBXBuildFile; fileRef = 3982AD4F233A317700EB0F8F /* SongBooksListVC.swift */; };
		399205B822F78B8400E392A7 /* data.json in Resources */ = {isa = PBXBuildFile; fileRef = 399205B722F78B8400E392A7 /* data.json */; };
		399205BA22F8122C00E392A7 /* Reachability.swift in Sources */ = {isa = PBXBuildFile; fileRef = 399205B922F8122C00E392A7 /* Reachability.swift */; };
		399205BC22F8340200E392A7 /* FilterVC.swift in Sources */ = {isa = PBXBuildFile; fileRef = 399205BB22F8340200E392A7 /* FilterVC.swift */; };
		3997798622F75E8700CE6FF6 /* SliderThumbLayer.swift in Sources */ = {isa = PBXBuildFile; fileRef = 3997798522F75E8700CE6FF6 /* SliderThumbLayer.swift */; };
		3997798922F7605B00CE6FF6 /* SliderTrackLayer.swift in Sources */ = {isa = PBXBuildFile; fileRef = 3997798822F7605B00CE6FF6 /* SliderTrackLayer.swift */; };
		3997798E22F76A4A00CE6FF6 /* UserSettings.swift in Sources */ = {isa = PBXBuildFile; fileRef = 3997798D22F76A4A00CE6FF6 /* UserSettings.swift */; };
		3997799022F7714A00CE6FF6 /* Constants.swift in Sources */ = {isa = PBXBuildFile; fileRef = 3997798F22F7714A00CE6FF6 /* Constants.swift */; };
		399D062F22EF4FE1003C7D56 /* SearchView.swift in Sources */ = {isa = PBXBuildFile; fileRef = 399D062E22EF4FE1003C7D56 /* SearchView.swift */; };
		399D465F23D762DE00C51B7E /* GoogleService-Info.plist in Resources */ = {isa = PBXBuildFile; fileRef = 399D465E23D762DE00C51B7E /* GoogleService-Info.plist */; };
		39A06E1123D07D9B004655AF /* SongLyricsParser.swift in Sources */ = {isa = PBXBuildFile; fileRef = 39A06E1023D07D9B004655AF /* SongLyricsParser.swift */; };
		39A06E1323D0B5C3004655AF /* SongLyricView.swift in Sources */ = {isa = PBXBuildFile; fileRef = 39A06E1223D0B5C3004655AF /* SongLyricView.swift */; };
		39CB0FDD22F70DA8001342E9 /* SettingsVC.swift in Sources */ = {isa = PBXBuildFile; fileRef = 39CB0FDC22F70DA8001342E9 /* SettingsVC.swift */; };
		39CB0FDF22F75483001342E9 /* SettingCell.swift in Sources */ = {isa = PBXBuildFile; fileRef = 39CB0FDE22F75483001342E9 /* SettingCell.swift */; };
		39CB0FE122F7585C001342E9 /* Slider.swift in Sources */ = {isa = PBXBuildFile; fileRef = 39CB0FE022F7585C001342E9 /* Slider.swift */; };
		39DFB19022E8257A0013906D /* HomeViewVC.swift in Sources */ = {isa = PBXBuildFile; fileRef = 39DFB18F22E8257A0013906D /* HomeViewVC.swift */; };
		39DFB19822E86FCF0013906D /* MenuVC.swift in Sources */ = {isa = PBXBuildFile; fileRef = 39DFB19722E86FCF0013906D /* MenuVC.swift */; };
		39E36D9A23D7688B0085E8F2 /* AuthenticationService.swift in Sources */ = {isa = PBXBuildFile; fileRef = 39E36D9923D7688B0085E8F2 /* AuthenticationService.swift */; };
		39E36D9E23D790EF0085E8F2 /* MoreOptionsCell.swift in Sources */ = {isa = PBXBuildFile; fileRef = 39E36D9D23D790EF0085E8F2 /* MoreOptionsCell.swift */; };
		39E36DA023D79BE40085E8F2 /* MoreOptionsDataSource.swift in Sources */ = {isa = PBXBuildFile; fileRef = 39E36D9F23D79BE40085E8F2 /* MoreOptionsDataSource.swift */; };
		39E36DA223D8A65B0085E8F2 /* TranslationsViewVC.swift in Sources */ = {isa = PBXBuildFile; fileRef = 39E36DA123D8A65A0085E8F2 /* TranslationsViewVC.swift */; };
		39E36DA423D8E3030085E8F2 /* SlidingView.swift in Sources */ = {isa = PBXBuildFile; fileRef = 39E36DA323D8E3020085E8F2 /* SlidingView.swift */; };
		39EB06E723C4FFEB00B6E38E /* ActiveFilterHeaderView.swift in Sources */ = {isa = PBXBuildFile; fileRef = 39EB06E623C4FFEB00B6E38E /* ActiveFilterHeaderView.swift */; };
		39F7BA2D22E7090F00FDFF90 /* AppDelegate.swift in Sources */ = {isa = PBXBuildFile; fileRef = 39F7BA2C22E7090F00FDFF90 /* AppDelegate.swift */; };
		39F7BA4222E70B4100FDFF90 /* CoreDataService.swift in Sources */ = {isa = PBXBuildFile; fileRef = 39F7BA4122E70B4100FDFF90 /* CoreDataService.swift */; };
		39F7BA4422E70C0D00FDFF90 /* DownloadService.swift in Sources */ = {isa = PBXBuildFile; fileRef = 39F7BA4322E70C0D00FDFF90 /* DownloadService.swift */; };
		39F7BA4722E70E9800FDFF90 /* TabBarController.swift in Sources */ = {isa = PBXBuildFile; fileRef = 39F7BA4622E70E9800FDFF90 /* TabBarController.swift */; };
		39F7BA5122E721FB00FDFF90 /* LaunchVC.swift in Sources */ = {isa = PBXBuildFile; fileRef = 39F7BA5022E721FB00FDFF90 /* LaunchVC.swift */; };
		39F7BA5422E74D3C00FDFF90 /* SongBookCell.swift in Sources */ = {isa = PBXBuildFile; fileRef = 39F7BA5322E74D3C00FDFF90 /* SongBookCell.swift */; };
		39F7BA5822E7535200FDFF90 /* Extensions.swift in Sources */ = {isa = PBXBuildFile; fileRef = 39F7BA5722E7535200FDFF90 /* Extensions.swift */; };
		39F9C2B122F6368D004F0712 /* Assets.xcassets in Resources */ = {isa = PBXBuildFile; fileRef = 39F9C2B022F6368D004F0712 /* Assets.xcassets */; };
		39F9C2B522F6EE2C004F0712 /* UILabelExtension.swift in Sources */ = {isa = PBXBuildFile; fileRef = 39F9C2B322F6EE2C004F0712 /* UILabelExtension.swift */; };
		39F9C2B622F6EE2C004F0712 /* FittableFontLabel.swift in Sources */ = {isa = PBXBuildFile; fileRef = 39F9C2B422F6EE2C004F0712 /* FittableFontLabel.swift */; };
		8BCC56496BF3A9D3FDE8D30A /* Pods_Zpevnik.framework in Frameworks */ = {isa = PBXBuildFile; fileRef = FE7AD2A4E8A8453BFC98DB4E /* Pods_Zpevnik.framework */; };
/* End PBXBuildFile section */

/* Begin PBXFileReference section */
		35EDD70824929E08EF710404 /* Pods-Zpevnik.release.xcconfig */ = {isa = PBXFileReference; includeInIndex = 1; lastKnownFileType = text.xcconfig; name = "Pods-Zpevnik.release.xcconfig"; path = "Target Support Files/Pods-Zpevnik/Pods-Zpevnik.release.xcconfig"; sourceTree = "<group>"; };
		391AE0E322FAC9CF00E7F5BC /* FilterTagCell.swift */ = {isa = PBXFileReference; fileEncoding = 4; lastKnownFileType = sourcecode.swift; path = FilterTagCell.swift; sourceTree = "<group>"; };
		391AE0E522FACD2F00E7F5BC /* Author.swift */ = {isa = PBXFileReference; fileEncoding = 4; lastKnownFileType = sourcecode.swift; path = Author.swift; sourceTree = "<group>"; };
		391AE0EC22FACD5900E7F5BC /* Tag.swift */ = {isa = PBXFileReference; fileEncoding = 4; lastKnownFileType = sourcecode.swift; path = Tag.swift; sourceTree = "<group>"; };
		391AE0ED22FACD5900E7F5BC /* SongBookRecord.swift */ = {isa = PBXFileReference; fileEncoding = 4; lastKnownFileType = sourcecode.swift; path = SongBookRecord.swift; sourceTree = "<group>"; };
		391AE0F022FACD7C00E7F5BC /* AlignedCollectionViewFlowLayout.swift */ = {isa = PBXFileReference; fileEncoding = 4; lastKnownFileType = sourcecode.swift; path = AlignedCollectionViewFlowLayout.swift; sourceTree = "<group>"; };
		391B94D623BD040B00509728 /* TableViewHeader.swift */ = {isa = PBXFileReference; lastKnownFileType = sourcecode.swift; path = TableViewHeader.swift; sourceTree = "<group>"; };
		391F764323BE2AEE008BDD0F /* Zpevnik v3.xcdatamodel */ = {isa = PBXFileReference; lastKnownFileType = wrapper.xcdatamodel; path = "Zpevnik v3.xcdatamodel"; sourceTree = "<group>"; };
		391F764423BE2AEE008BDD0F /* Zpevnik.xcdatamodel */ = {isa = PBXFileReference; lastKnownFileType = wrapper.xcdatamodel; path = Zpevnik.xcdatamodel; sourceTree = "<group>"; };
		391F764523BE2AEE008BDD0F /* Zpevnik v2.xcdatamodel */ = {isa = PBXFileReference; lastKnownFileType = wrapper.xcdatamodel; path = "Zpevnik v2.xcdatamodel"; sourceTree = "<group>"; };
		391F764723BF4121008BDD0F /* UserViewVC.swift */ = {isa = PBXFileReference; lastKnownFileType = sourcecode.swift; path = UserViewVC.swift; sourceTree = "<group>"; };
		391F764923BF5A4C008BDD0F /* SearchViewVC.swift */ = {isa = PBXFileReference; lastKnownFileType = sourcecode.swift; path = SearchViewVC.swift; sourceTree = "<group>"; };
		391F764B23BF60DB008BDD0F /* ViewController.swift */ = {isa = PBXFileReference; lastKnownFileType = sourcecode.swift; path = ViewController.swift; sourceTree = "<group>"; };
		392FFCA1234A8C1A00296903 /* LaunchScreen.storyboard */ = {isa = PBXFileReference; lastKnownFileType = file.storyboard; path = LaunchScreen.storyboard; sourceTree = "<group>"; };
		39357F5523C0A382001B0387 /* Zpevnik v4.xcdatamodel */ = {isa = PBXFileReference; lastKnownFileType = wrapper.xcdatamodel; path = "Zpevnik v4.xcdatamodel"; sourceTree = "<group>"; };
		39357F5623C0C154001B0387 /* FilterTagHeader.swift */ = {isa = PBXFileReference; lastKnownFileType = sourcecode.swift; path = FilterTagHeader.swift; sourceTree = "<group>"; };
		39357F5823C1F765001B0387 /* HalfViewPresentationManager.swift */ = {isa = PBXFileReference; lastKnownFileType = sourcecode.swift; path = HalfViewPresentationManager.swift; sourceTree = "<group>"; };
		39357F5A23C1F862001B0387 /* HalfViewPresentationController.swift */ = {isa = PBXFileReference; lastKnownFileType = sourcecode.swift; path = HalfViewPresentationController.swift; sourceTree = "<group>"; };
		3939FA6D22FC129600F9AED1 /* AboutVC.swift */ = {isa = PBXFileReference; lastKnownFileType = sourcecode.swift; path = AboutVC.swift; sourceTree = "<group>"; };
		3939FA7322FC541C00F9AED1 /* Song.swift */ = {isa = PBXFileReference; lastKnownFileType = sourcecode.swift; path = Song.swift; sourceTree = "<group>"; };
		3939FA7522FC657800F9AED1 /* MoreOptionsVC.swift */ = {isa = PBXFileReference; lastKnownFileType = sourcecode.swift; path = MoreOptionsVC.swift; sourceTree = "<group>"; };
		393C335E23C7C1CD00E496AB /* SongListViewVC.swift */ = {isa = PBXFileReference; lastKnownFileType = sourcecode.swift; path = SongListViewVC.swift; sourceTree = "<group>"; };
		397B625A22E9BE4300B9CCEC /* Protocols.swift */ = {isa = PBXFileReference; lastKnownFileType = sourcecode.swift; path = Protocols.swift; sourceTree = "<group>"; };
		397B625C22EA22A800B9CCEC /* SongLyricCell.swift */ = {isa = PBXFileReference; lastKnownFileType = sourcecode.swift; path = SongLyricCell.swift; sourceTree = "<group>"; };
		397B625E22EA25B400B9CCEC /* SongLyricVC.swift */ = {isa = PBXFileReference; lastKnownFileType = sourcecode.swift; path = SongLyricVC.swift; sourceTree = "<group>"; };
		397B626022EC2B6200B9CCEC /* SongLyric.swift */ = {isa = PBXFileReference; lastKnownFileType = sourcecode.swift; path = SongLyric.swift; sourceTree = "<group>"; };
		397B626222EC2E2900B9CCEC /* SongBook.swift */ = {isa = PBXFileReference; lastKnownFileType = sourcecode.swift; path = SongBook.swift; sourceTree = "<group>"; };
		397BADA02301510400AB75FD /* SongLyricDataSource.swift */ = {isa = PBXFileReference; lastKnownFileType = sourcecode.swift; path = SongLyricDataSource.swift; sourceTree = "<group>"; };
		397BADA22301510E00AB75FD /* SongBookDataSource.swift */ = {isa = PBXFileReference; lastKnownFileType = sourcecode.swift; path = SongBookDataSource.swift; sourceTree = "<group>"; };
		3980061323C6572E0049ADC2 /* FilterTagDataSource.swift */ = {isa = PBXFileReference; lastKnownFileType = sourcecode.swift; path = FilterTagDataSource.swift; sourceTree = "<group>"; };
		3982AD4A233A317700EB0F8F /* SongBookViewVC.swift */ = {isa = PBXFileReference; fileEncoding = 4; lastKnownFileType = sourcecode.swift; path = SongBookViewVC.swift; sourceTree = "<group>"; };
		3982AD4D233A317700EB0F8F /* FavoriteListVC.swift */ = {isa = PBXFileReference; fileEncoding = 4; lastKnownFileType = sourcecode.swift; path = FavoriteListVC.swift; sourceTree = "<group>"; };
		3982AD4F233A317700EB0F8F /* SongBooksListVC.swift */ = {isa = PBXFileReference; fileEncoding = 4; lastKnownFileType = sourcecode.swift; path = SongBooksListVC.swift; sourceTree = "<group>"; };
		399205B722F78B8400E392A7 /* data.json */ = {isa = PBXFileReference; fileEncoding = 4; lastKnownFileType = text.json; path = data.json; sourceTree = "<group>"; };
		399205B922F8122C00E392A7 /* Reachability.swift */ = {isa = PBXFileReference; lastKnownFileType = sourcecode.swift; path = Reachability.swift; sourceTree = "<group>"; };
		399205BB22F8340200E392A7 /* FilterVC.swift */ = {isa = PBXFileReference; lastKnownFileType = sourcecode.swift; path = FilterVC.swift; sourceTree = "<group>"; };
		3997798522F75E8700CE6FF6 /* SliderThumbLayer.swift */ = {isa = PBXFileReference; lastKnownFileType = sourcecode.swift; path = SliderThumbLayer.swift; sourceTree = "<group>"; };
		3997798822F7605B00CE6FF6 /* SliderTrackLayer.swift */ = {isa = PBXFileReference; lastKnownFileType = sourcecode.swift; path = SliderTrackLayer.swift; sourceTree = "<group>"; };
		3997798D22F76A4A00CE6FF6 /* UserSettings.swift */ = {isa = PBXFileReference; lastKnownFileType = sourcecode.swift; path = UserSettings.swift; sourceTree = "<group>"; };
		3997798F22F7714A00CE6FF6 /* Constants.swift */ = {isa = PBXFileReference; lastKnownFileType = sourcecode.swift; path = Constants.swift; sourceTree = "<group>"; };
		399D062E22EF4FE1003C7D56 /* SearchView.swift */ = {isa = PBXFileReference; lastKnownFileType = sourcecode.swift; path = SearchView.swift; sourceTree = "<group>"; };
		399D465E23D762DE00C51B7E /* GoogleService-Info.plist */ = {isa = PBXFileReference; fileEncoding = 4; lastKnownFileType = text.plist.xml; path = "GoogleService-Info.plist"; sourceTree = "<group>"; };
		39A06E1023D07D9B004655AF /* SongLyricsParser.swift */ = {isa = PBXFileReference; lastKnownFileType = sourcecode.swift; path = SongLyricsParser.swift; sourceTree = "<group>"; };
		39A06E1223D0B5C3004655AF /* SongLyricView.swift */ = {isa = PBXFileReference; lastKnownFileType = sourcecode.swift; path = SongLyricView.swift; sourceTree = "<group>"; };
		39CB0FDC22F70DA8001342E9 /* SettingsVC.swift */ = {isa = PBXFileReference; lastKnownFileType = sourcecode.swift; path = SettingsVC.swift; sourceTree = "<group>"; };
		39CB0FDE22F75483001342E9 /* SettingCell.swift */ = {isa = PBXFileReference; lastKnownFileType = sourcecode.swift; path = SettingCell.swift; sourceTree = "<group>"; };
		39CB0FE022F7585C001342E9 /* Slider.swift */ = {isa = PBXFileReference; lastKnownFileType = sourcecode.swift; path = Slider.swift; sourceTree = "<group>"; };
		39DFB18F22E8257A0013906D /* HomeViewVC.swift */ = {isa = PBXFileReference; lastKnownFileType = sourcecode.swift; path = HomeViewVC.swift; sourceTree = "<group>"; };
		39DFB19722E86FCF0013906D /* MenuVC.swift */ = {isa = PBXFileReference; lastKnownFileType = sourcecode.swift; path = MenuVC.swift; sourceTree = "<group>"; };
		39E36D9923D7688B0085E8F2 /* AuthenticationService.swift */ = {isa = PBXFileReference; lastKnownFileType = sourcecode.swift; path = AuthenticationService.swift; sourceTree = "<group>"; };
		39E36D9D23D790EF0085E8F2 /* MoreOptionsCell.swift */ = {isa = PBXFileReference; lastKnownFileType = sourcecode.swift; path = MoreOptionsCell.swift; sourceTree = "<group>"; };
		39E36D9F23D79BE40085E8F2 /* MoreOptionsDataSource.swift */ = {isa = PBXFileReference; lastKnownFileType = sourcecode.swift; path = MoreOptionsDataSource.swift; sourceTree = "<group>"; };
		39E36DA123D8A65A0085E8F2 /* TranslationsViewVC.swift */ = {isa = PBXFileReference; lastKnownFileType = sourcecode.swift; path = TranslationsViewVC.swift; sourceTree = "<group>"; };
		39E36DA323D8E3020085E8F2 /* SlidingView.swift */ = {isa = PBXFileReference; lastKnownFileType = sourcecode.swift; path = SlidingView.swift; sourceTree = "<group>"; };
		39EB06E623C4FFEB00B6E38E /* ActiveFilterHeaderView.swift */ = {isa = PBXFileReference; lastKnownFileType = sourcecode.swift; path = ActiveFilterHeaderView.swift; sourceTree = "<group>"; };
		39F7BA2922E7090F00FDFF90 /* Zpevnik.app */ = {isa = PBXFileReference; explicitFileType = wrapper.application; includeInIndex = 0; path = Zpevnik.app; sourceTree = BUILT_PRODUCTS_DIR; };
		39F7BA2C22E7090F00FDFF90 /* AppDelegate.swift */ = {isa = PBXFileReference; lastKnownFileType = sourcecode.swift; path = AppDelegate.swift; sourceTree = "<group>"; };
		39F7BA3B22E7091100FDFF90 /* Info.plist */ = {isa = PBXFileReference; lastKnownFileType = text.plist.xml; path = Info.plist; sourceTree = "<group>"; };
		39F7BA4122E70B4100FDFF90 /* CoreDataService.swift */ = {isa = PBXFileReference; lastKnownFileType = sourcecode.swift; path = CoreDataService.swift; sourceTree = "<group>"; };
		39F7BA4322E70C0D00FDFF90 /* DownloadService.swift */ = {isa = PBXFileReference; lastKnownFileType = sourcecode.swift; path = DownloadService.swift; sourceTree = "<group>"; };
		39F7BA4622E70E9800FDFF90 /* TabBarController.swift */ = {isa = PBXFileReference; lastKnownFileType = sourcecode.swift; path = TabBarController.swift; sourceTree = "<group>"; };
		39F7BA5022E721FB00FDFF90 /* LaunchVC.swift */ = {isa = PBXFileReference; lastKnownFileType = sourcecode.swift; path = LaunchVC.swift; sourceTree = "<group>"; };
		39F7BA5322E74D3C00FDFF90 /* SongBookCell.swift */ = {isa = PBXFileReference; lastKnownFileType = sourcecode.swift; path = SongBookCell.swift; sourceTree = "<group>"; };
		39F7BA5722E7535200FDFF90 /* Extensions.swift */ = {isa = PBXFileReference; lastKnownFileType = sourcecode.swift; path = Extensions.swift; sourceTree = "<group>"; };
		39F9C2B022F6368D004F0712 /* Assets.xcassets */ = {isa = PBXFileReference; lastKnownFileType = folder.assetcatalog; path = Assets.xcassets; sourceTree = "<group>"; };
		39F9C2B322F6EE2C004F0712 /* UILabelExtension.swift */ = {isa = PBXFileReference; fileEncoding = 4; lastKnownFileType = sourcecode.swift; path = UILabelExtension.swift; sourceTree = "<group>"; };
		39F9C2B422F6EE2C004F0712 /* FittableFontLabel.swift */ = {isa = PBXFileReference; fileEncoding = 4; lastKnownFileType = sourcecode.swift; path = FittableFontLabel.swift; sourceTree = "<group>"; };
		C4552B338F784CA3E32795A0 /* Pods-Zpevnik.debug.xcconfig */ = {isa = PBXFileReference; includeInIndex = 1; lastKnownFileType = text.xcconfig; name = "Pods-Zpevnik.debug.xcconfig"; path = "Target Support Files/Pods-Zpevnik/Pods-Zpevnik.debug.xcconfig"; sourceTree = "<group>"; };
		FE7AD2A4E8A8453BFC98DB4E /* Pods_Zpevnik.framework */ = {isa = PBXFileReference; explicitFileType = wrapper.framework; includeInIndex = 0; path = Pods_Zpevnik.framework; sourceTree = BUILT_PRODUCTS_DIR; };
/* End PBXFileReference section */

/* Begin PBXFrameworksBuildPhase section */
		39F7BA2622E7090F00FDFF90 /* Frameworks */ = {
			isa = PBXFrameworksBuildPhase;
			buildActionMask = 2147483647;
			files = (
				8BCC56496BF3A9D3FDE8D30A /* Pods_Zpevnik.framework in Frameworks */,
			);
			runOnlyForDeploymentPostprocessing = 0;
		};
/* End PBXFrameworksBuildPhase section */

/* Begin PBXGroup section */
		397BAD9F230150F500AB75FD /* DataSource */ = {
			isa = PBXGroup;
			children = (
				39E36D9F23D79BE40085E8F2 /* MoreOptionsDataSource.swift */,
				397BADA22301510E00AB75FD /* SongBookDataSource.swift */,
				397BADA02301510400AB75FD /* SongLyricDataSource.swift */,
				3980061323C6572E0049ADC2 /* FilterTagDataSource.swift */,
			);
			path = DataSource;
			sourceTree = "<group>";
		};
		397BADA423015CC600AB75FD /* OtherSection */ = {
			isa = PBXGroup;
			children = (
				3939FA6D22FC129600F9AED1 /* AboutVC.swift */,
				39DFB19722E86FCF0013906D /* MenuVC.swift */,
				39CB0FDC22F70DA8001342E9 /* SettingsVC.swift */,
			);
			path = OtherSection;
			sourceTree = "<group>";
		};
		397F1A6623BA369B0086CB9A /* View Components */ = {
			isa = PBXGroup;
			children = (
				39F9C2B422F6EE2C004F0712 /* FittableFontLabel.swift */,
				39F9C2B322F6EE2C004F0712 /* UILabelExtension.swift */,
				391AE0F022FACD7C00E7F5BC /* AlignedCollectionViewFlowLayout.swift */,
			);
			path = "View Components";
			sourceTree = "<group>";
		};
		3997798722F75E8C00CE6FF6 /* Slider */ = {
			isa = PBXGroup;
			children = (
				39CB0FE022F7585C001342E9 /* Slider.swift */,
				3997798522F75E8700CE6FF6 /* SliderThumbLayer.swift */,
				3997798822F7605B00CE6FF6 /* SliderTrackLayer.swift */,
			);
			path = Slider;
			sourceTree = "<group>";
		};
		3997798A22F768DC00CE6FF6 /* Third-party */ = {
			isa = PBXGroup;
			children = (
				397F1A6623BA369B0086CB9A /* View Components */,
			);
			path = "Third-party";
			sourceTree = "<group>";
		};
		3997799122F78B1800CE6FF6 /* Resources */ = {
			isa = PBXGroup;
			children = (
				39F9C2B022F6368D004F0712 /* Assets.xcassets */,
				399205B722F78B8400E392A7 /* data.json */,
			);
			path = Resources;
			sourceTree = "<group>";
		};
		399D062C22EC331C003C7D56 /* Cells */ = {
			isa = PBXGroup;
			children = (
				39E36D9D23D790EF0085E8F2 /* MoreOptionsCell.swift */,
				39F7BA5322E74D3C00FDFF90 /* SongBookCell.swift */,
				391B94D623BD040B00509728 /* TableViewHeader.swift */,
				397B625C22EA22A800B9CCEC /* SongLyricCell.swift */,
				39CB0FDE22F75483001342E9 /* SettingCell.swift */,
				391AE0E322FAC9CF00E7F5BC /* FilterTagCell.swift */,
				39EB06E623C4FFEB00B6E38E /* ActiveFilterHeaderView.swift */,
				39357F5623C0C154001B0387 /* FilterTagHeader.swift */,
			);
			path = Cells;
			sourceTree = "<group>";
		};
		399D062D22EC332A003C7D56 /* Models */ = {
			isa = PBXGroup;
			children = (
				391AE0E522FACD2F00E7F5BC /* Author.swift */,
				397B626222EC2E2900B9CCEC /* SongBook.swift */,
				397B626022EC2B6200B9CCEC /* SongLyric.swift */,
				3939FA7322FC541C00F9AED1 /* Song.swift */,
				391AE0ED22FACD5900E7F5BC /* SongBookRecord.swift */,
				391AE0EC22FACD5900E7F5BC /* Tag.swift */,
				391F764223BE2AEE008BDD0F /* Zpevnik.xcdatamodeld */,
			);
			path = Models;
			sourceTree = "<group>";
		};
		39F7BA2022E7090F00FDFF90 = {
			isa = PBXGroup;
			children = (
				392FFCA1234A8C1A00296903 /* LaunchScreen.storyboard */,
				39F7BA2B22E7090F00FDFF90 /* Zpevnik */,
				39F7BA2A22E7090F00FDFF90 /* Products */,
				F089836D92BD40C009C32829 /* Pods */,
				F6B38D87C8A729F5520C9CBD /* Frameworks */,
			);
			sourceTree = "<group>";
		};
		39F7BA2A22E7090F00FDFF90 /* Products */ = {
			isa = PBXGroup;
			children = (
				39F7BA2922E7090F00FDFF90 /* Zpevnik.app */,
			);
			name = Products;
			sourceTree = "<group>";
		};
		39F7BA2B22E7090F00FDFF90 /* Zpevnik */ = {
			isa = PBXGroup;
			children = (
				397BAD9F230150F500AB75FD /* DataSource */,
				39F7BA2C22E7090F00FDFF90 /* AppDelegate.swift */,
				3997799122F78B1800CE6FF6 /* Resources */,
				399D062C22EC331C003C7D56 /* Cells */,
				39F7BA5222E74D1E00FDFF90 /* Controllers */,
				39F7BA3B22E7091100FDFF90 /* Info.plist */,
				399D465E23D762DE00C51B7E /* GoogleService-Info.plist */,
				399D062D22EC332A003C7D56 /* Models */,
				3997798A22F768DC00CE6FF6 /* Third-party */,
				39F7BA4522E70D0200FDFF90 /* Utils */,
				39F9C2AD22F625DA004F0712 /* Views */,
			);
			path = Zpevnik;
			sourceTree = "<group>";
		};
		39F7BA4522E70D0200FDFF90 /* Utils */ = {
			isa = PBXGroup;
			children = (
				3997798F22F7714A00CE6FF6 /* Constants.swift */,
				39F7BA4122E70B4100FDFF90 /* CoreDataService.swift */,
				39F7BA4322E70C0D00FDFF90 /* DownloadService.swift */,
				39A06E1023D07D9B004655AF /* SongLyricsParser.swift */,
				39F7BA5722E7535200FDFF90 /* Extensions.swift */,
				397B625A22E9BE4300B9CCEC /* Protocols.swift */,
				399205B922F8122C00E392A7 /* Reachability.swift */,
				3997798D22F76A4A00CE6FF6 /* UserSettings.swift */,
				39E36D9923D7688B0085E8F2 /* AuthenticationService.swift */,
			);
			path = Utils;
			sourceTree = "<group>";
		};
		39F7BA5222E74D1E00FDFF90 /* Controllers */ = {
			isa = PBXGroup;
			children = (
				3982AD4D233A317700EB0F8F /* FavoriteListVC.swift */,
				3982AD4F233A317700EB0F8F /* SongBooksListVC.swift */,
				3982AD4A233A317700EB0F8F /* SongBookViewVC.swift */,
				399205BB22F8340200E392A7 /* FilterVC.swift */,
				39357F5823C1F765001B0387 /* HalfViewPresentationManager.swift */,
				39357F5A23C1F862001B0387 /* HalfViewPresentationController.swift */,
				39DFB18F22E8257A0013906D /* HomeViewVC.swift */,
				393C335E23C7C1CD00E496AB /* SongListViewVC.swift */,
				391F764923BF5A4C008BDD0F /* SearchViewVC.swift */,
				391F764723BF4121008BDD0F /* UserViewVC.swift */,
				39E36DA123D8A65A0085E8F2 /* TranslationsViewVC.swift */,
				391F764B23BF60DB008BDD0F /* ViewController.swift */,
				39F7BA5022E721FB00FDFF90 /* LaunchVC.swift */,
				397BADA423015CC600AB75FD /* OtherSection */,
				397B625E22EA25B400B9CCEC /* SongLyricVC.swift */,
				3939FA7522FC657800F9AED1 /* MoreOptionsVC.swift */,
				39F7BA4622E70E9800FDFF90 /* TabBarController.swift */,
			);
			path = Controllers;
			sourceTree = "<group>";
		};
		39F9C2AD22F625DA004F0712 /* Views */ = {
			isa = PBXGroup;
			children = (
				39E36DA323D8E3020085E8F2 /* SlidingView.swift */,
				39A06E1223D0B5C3004655AF /* SongLyricView.swift */,
				399D062E22EF4FE1003C7D56 /* SearchView.swift */,
				3997798722F75E8C00CE6FF6 /* Slider */,
			);
			path = Views;
			sourceTree = "<group>";
		};
		F089836D92BD40C009C32829 /* Pods */ = {
			isa = PBXGroup;
			children = (
				C4552B338F784CA3E32795A0 /* Pods-Zpevnik.debug.xcconfig */,
				35EDD70824929E08EF710404 /* Pods-Zpevnik.release.xcconfig */,
			);
			path = Pods;
			sourceTree = "<group>";
		};
		F6B38D87C8A729F5520C9CBD /* Frameworks */ = {
			isa = PBXGroup;
			children = (
				FE7AD2A4E8A8453BFC98DB4E /* Pods_Zpevnik.framework */,
			);
			name = Frameworks;
			sourceTree = "<group>";
		};
/* End PBXGroup section */

/* Begin PBXNativeTarget section */
		39F7BA2822E7090F00FDFF90 /* Zpevnik */ = {
			isa = PBXNativeTarget;
			buildConfigurationList = 39F7BA3E22E7091100FDFF90 /* Build configuration list for PBXNativeTarget "Zpevnik" */;
			buildPhases = (
				6AE4752554884170CAB7228F /* [CP] Check Pods Manifest.lock */,
				39F7BA2522E7090F00FDFF90 /* Sources */,
				39F7BA2622E7090F00FDFF90 /* Frameworks */,
				39F7BA2722E7090F00FDFF90 /* Resources */,
				D7C9807DF895EF8C1033C7B4 /* [CP] Embed Pods Frameworks */,
				C3AD4EC166403DBB9B95F86F /* [CP] Copy Pods Resources */,
			);
			buildRules = (
			);
			dependencies = (
			);
			name = Zpevnik;
			productName = Zpevnik;
			productReference = 39F7BA2922E7090F00FDFF90 /* Zpevnik.app */;
			productType = "com.apple.product-type.application";
		};
/* End PBXNativeTarget section */

/* Begin PBXProject section */
		39F7BA2122E7090F00FDFF90 /* Project object */ = {
			isa = PBXProject;
			attributes = {
				LastSwiftUpdateCheck = 1020;
				LastUpgradeCheck = 1020;
				ORGANIZATIONNAME = "Patrik Dobiáš";
				TargetAttributes = {
					39F7BA2822E7090F00FDFF90 = {
						CreatedOnToolsVersion = 10.2.1;
					};
				};
			};
			buildConfigurationList = 39F7BA2422E7090F00FDFF90 /* Build configuration list for PBXProject "Zpevnik" */;
			compatibilityVersion = "Xcode 9.3";
			developmentRegion = en;
			hasScannedForEncodings = 0;
			knownRegions = (
				en,
				Base,
			);
			mainGroup = 39F7BA2022E7090F00FDFF90;
			productRefGroup = 39F7BA2A22E7090F00FDFF90 /* Products */;
			projectDirPath = "";
			projectRoot = "";
			targets = (
				39F7BA2822E7090F00FDFF90 /* Zpevnik */,
			);
		};
/* End PBXProject section */

/* Begin PBXResourcesBuildPhase section */
		39F7BA2722E7090F00FDFF90 /* Resources */ = {
			isa = PBXResourcesBuildPhase;
			buildActionMask = 2147483647;
			files = (
				392FFCA2234A8C1A00296903 /* LaunchScreen.storyboard in Resources */,
				399D465F23D762DE00C51B7E /* GoogleService-Info.plist in Resources */,
				39F9C2B122F6368D004F0712 /* Assets.xcassets in Resources */,
				399205B822F78B8400E392A7 /* data.json in Resources */,
			);
			runOnlyForDeploymentPostprocessing = 0;
		};
/* End PBXResourcesBuildPhase section */

/* Begin PBXShellScriptBuildPhase section */
		6AE4752554884170CAB7228F /* [CP] Check Pods Manifest.lock */ = {
			isa = PBXShellScriptBuildPhase;
			buildActionMask = 2147483647;
			files = (
			);
			inputFileListPaths = (
			);
			inputPaths = (
				"${PODS_PODFILE_DIR_PATH}/Podfile.lock",
				"${PODS_ROOT}/Manifest.lock",
			);
			name = "[CP] Check Pods Manifest.lock";
			outputFileListPaths = (
			);
			outputPaths = (
				"$(DERIVED_FILE_DIR)/Pods-Zpevnik-checkManifestLockResult.txt",
			);
			runOnlyForDeploymentPostprocessing = 0;
			shellPath = /bin/sh;
			shellScript = "diff \"${PODS_PODFILE_DIR_PATH}/Podfile.lock\" \"${PODS_ROOT}/Manifest.lock\" > /dev/null\nif [ $? != 0 ] ; then\n    # print error to STDERR\n    echo \"error: The sandbox is not in sync with the Podfile.lock. Run 'pod install' or update your CocoaPods installation.\" >&2\n    exit 1\nfi\n# This output is used by Xcode 'outputs' to avoid re-running this script phase.\necho \"SUCCESS\" > \"${SCRIPT_OUTPUT_FILE_0}\"\n";
			showEnvVarsInLog = 0;
		};
		C3AD4EC166403DBB9B95F86F /* [CP] Copy Pods Resources */ = {
			isa = PBXShellScriptBuildPhase;
			buildActionMask = 2147483647;
			files = (
			);
			inputFileListPaths = (
				"${PODS_ROOT}/Target Support Files/Pods-Zpevnik/Pods-Zpevnik-resources-${CONFIGURATION}-input-files.xcfilelist",
			);
			name = "[CP] Copy Pods Resources";
			outputFileListPaths = (
				"${PODS_ROOT}/Target Support Files/Pods-Zpevnik/Pods-Zpevnik-resources-${CONFIGURATION}-output-files.xcfilelist",
			);
			runOnlyForDeploymentPostprocessing = 0;
			shellPath = /bin/sh;
			shellScript = "\"${PODS_ROOT}/Target Support Files/Pods-Zpevnik/Pods-Zpevnik-resources.sh\"\n";
			showEnvVarsInLog = 0;
		};
		D7C9807DF895EF8C1033C7B4 /* [CP] Embed Pods Frameworks */ = {
			isa = PBXShellScriptBuildPhase;
			buildActionMask = 2147483647;
			files = (
			);
			inputFileListPaths = (
				"${PODS_ROOT}/Target Support Files/Pods-Zpevnik/Pods-Zpevnik-frameworks-${CONFIGURATION}-input-files.xcfilelist",
			);
			name = "[CP] Embed Pods Frameworks";
			outputFileListPaths = (
				"${PODS_ROOT}/Target Support Files/Pods-Zpevnik/Pods-Zpevnik-frameworks-${CONFIGURATION}-output-files.xcfilelist",
			);
			runOnlyForDeploymentPostprocessing = 0;
			shellPath = /bin/sh;
			shellScript = "\"${PODS_ROOT}/Target Support Files/Pods-Zpevnik/Pods-Zpevnik-frameworks.sh\"\n";
			showEnvVarsInLog = 0;
		};
/* End PBXShellScriptBuildPhase section */

/* Begin PBXSourcesBuildPhase section */
		39F7BA2522E7090F00FDFF90 /* Sources */ = {
			isa = PBXSourcesBuildPhase;
			buildActionMask = 2147483647;
			files = (
				39F7BA4422E70C0D00FDFF90 /* DownloadService.swift in Sources */,
				39E36DA023D79BE40085E8F2 /* MoreOptionsDataSource.swift in Sources */,
				3939FA7422FC541C00F9AED1 /* Song.swift in Sources */,
				3939FA7622FC657800F9AED1 /* MoreOptionsVC.swift in Sources */,
				39CB0FE122F7585C001342E9 /* Slider.swift in Sources */,
				397B625D22EA22A800B9CCEC /* SongLyricCell.swift in Sources */,
				3997798622F75E8700CE6FF6 /* SliderThumbLayer.swift in Sources */,
				391F764C23BF60DB008BDD0F /* ViewController.swift in Sources */,
				39E36DA423D8E3030085E8F2 /* SlidingView.swift in Sources */,
				399205BA22F8122C00E392A7 /* Reachability.swift in Sources */,
				39357F5723C0C155001B0387 /* FilterTagHeader.swift in Sources */,
				391F764823BF4121008BDD0F /* UserViewVC.swift in Sources */,
				39F9C2B522F6EE2C004F0712 /* UILabelExtension.swift in Sources */,
				39F7BA4222E70B4100FDFF90 /* CoreDataService.swift in Sources */,
				39DFB19822E86FCF0013906D /* MenuVC.swift in Sources */,
				39F9C2B622F6EE2C004F0712 /* FittableFontLabel.swift in Sources */,
				39357F5B23C1F862001B0387 /* HalfViewPresentationController.swift in Sources */,
				3997798922F7605B00CE6FF6 /* SliderTrackLayer.swift in Sources */,
				391AE0EE22FACD5900E7F5BC /* Tag.swift in Sources */,
				39E36D9A23D7688B0085E8F2 /* AuthenticationService.swift in Sources */,
				39CB0FDD22F70DA8001342E9 /* SettingsVC.swift in Sources */,
				391AE0EF22FACD5900E7F5BC /* SongBookRecord.swift in Sources */,
				399205BC22F8340200E392A7 /* FilterVC.swift in Sources */,
				397BADA12301510400AB75FD /* SongLyricDataSource.swift in Sources */,
				39357F5923C1F765001B0387 /* HalfViewPresentationManager.swift in Sources */,
				397B626322EC2E2900B9CCEC /* SongBook.swift in Sources */,
				39F7BA5422E74D3C00FDFF90 /* SongBookCell.swift in Sources */,
				3982AD55233A317700EB0F8F /* SongBooksListVC.swift in Sources */,
				391AE0E622FACD2F00E7F5BC /* Author.swift in Sources */,
				3980061423C6572F0049ADC2 /* FilterTagDataSource.swift in Sources */,
				391B94D723BD040B00509728 /* TableViewHeader.swift in Sources */,
				39F7BA4722E70E9800FDFF90 /* TabBarController.swift in Sources */,
				399D062F22EF4FE1003C7D56 /* SearchView.swift in Sources */,
				397B625F22EA25B400B9CCEC /* SongLyricVC.swift in Sources */,
				39E36D9E23D790EF0085E8F2 /* MoreOptionsCell.swift in Sources */,
				39F7BA5822E7535200FDFF90 /* Extensions.swift in Sources */,
				3997798E22F76A4A00CE6FF6 /* UserSettings.swift in Sources */,
				391F764A23BF5A4C008BDD0F /* SearchViewVC.swift in Sources */,
				39A06E1323D0B5C3004655AF /* SongLyricView.swift in Sources */,
				39CB0FDF22F75483001342E9 /* SettingCell.swift in Sources */,
				3982AD50233A317700EB0F8F /* SongBookViewVC.swift in Sources */,
				393C335F23C7C1CD00E496AB /* SongListViewVC.swift in Sources */,
				3997799022F7714A00CE6FF6 /* Constants.swift in Sources */,
				3939FA6E22FC129600F9AED1 /* AboutVC.swift in Sources */,
				391F764623BE2AEE008BDD0F /* Zpevnik.xcdatamodeld in Sources */,
				3982AD53233A317700EB0F8F /* FavoriteListVC.swift in Sources */,
				39F7BA2D22E7090F00FDFF90 /* AppDelegate.swift in Sources */,
				391AE0E422FAC9CF00E7F5BC /* FilterTagCell.swift in Sources */,
				391AE0F122FACD7C00E7F5BC /* AlignedCollectionViewFlowLayout.swift in Sources */,
				39E36DA223D8A65B0085E8F2 /* TranslationsViewVC.swift in Sources */,
				397B626122EC2B6200B9CCEC /* SongLyric.swift in Sources */,
				39DFB19022E8257A0013906D /* HomeViewVC.swift in Sources */,
				39EB06E723C4FFEB00B6E38E /* ActiveFilterHeaderView.swift in Sources */,
				39A06E1123D07D9B004655AF /* SongLyricsParser.swift in Sources */,
				39F7BA5122E721FB00FDFF90 /* LaunchVC.swift in Sources */,
				397BADA32301510E00AB75FD /* SongBookDataSource.swift in Sources */,
				397B625B22E9BE4300B9CCEC /* Protocols.swift in Sources */,
			);
			runOnlyForDeploymentPostprocessing = 0;
		};
/* End PBXSourcesBuildPhase section */

/* Begin XCBuildConfiguration section */
		39F7BA3C22E7091100FDFF90 /* Debug */ = {
			isa = XCBuildConfiguration;
			buildSettings = {
				ALWAYS_SEARCH_USER_PATHS = NO;
				CLANG_ANALYZER_NONNULL = YES;
				CLANG_ANALYZER_NUMBER_OBJECT_CONVERSION = YES_AGGRESSIVE;
				CLANG_CXX_LANGUAGE_STANDARD = "gnu++14";
				CLANG_CXX_LIBRARY = "libc++";
				CLANG_ENABLE_MODULES = YES;
				CLANG_ENABLE_OBJC_ARC = YES;
				CLANG_ENABLE_OBJC_WEAK = YES;
				CLANG_WARN_BLOCK_CAPTURE_AUTORELEASING = YES;
				CLANG_WARN_BOOL_CONVERSION = YES;
				CLANG_WARN_COMMA = YES;
				CLANG_WARN_CONSTANT_CONVERSION = YES;
				CLANG_WARN_DEPRECATED_OBJC_IMPLEMENTATIONS = YES;
				CLANG_WARN_DIRECT_OBJC_ISA_USAGE = YES_ERROR;
				CLANG_WARN_DOCUMENTATION_COMMENTS = YES;
				CLANG_WARN_EMPTY_BODY = YES;
				CLANG_WARN_ENUM_CONVERSION = YES;
				CLANG_WARN_INFINITE_RECURSION = YES;
				CLANG_WARN_INT_CONVERSION = YES;
				CLANG_WARN_NON_LITERAL_NULL_CONVERSION = YES;
				CLANG_WARN_OBJC_IMPLICIT_RETAIN_SELF = YES;
				CLANG_WARN_OBJC_LITERAL_CONVERSION = YES;
				CLANG_WARN_OBJC_ROOT_CLASS = YES_ERROR;
				CLANG_WARN_RANGE_LOOP_ANALYSIS = YES;
				CLANG_WARN_STRICT_PROTOTYPES = YES;
				CLANG_WARN_SUSPICIOUS_MOVE = YES;
				CLANG_WARN_UNGUARDED_AVAILABILITY = YES_AGGRESSIVE;
				CLANG_WARN_UNREACHABLE_CODE = YES;
				CLANG_WARN__DUPLICATE_METHOD_MATCH = YES;
				CODE_SIGN_IDENTITY = "iPhone Developer";
				COPY_PHASE_STRIP = NO;
				DEBUG_INFORMATION_FORMAT = dwarf;
				ENABLE_STRICT_OBJC_MSGSEND = YES;
				ENABLE_TESTABILITY = YES;
				GCC_C_LANGUAGE_STANDARD = gnu11;
				GCC_DYNAMIC_NO_PIC = NO;
				GCC_NO_COMMON_BLOCKS = YES;
				GCC_OPTIMIZATION_LEVEL = 0;
				GCC_PREPROCESSOR_DEFINITIONS = (
					"DEBUG=1",
					"$(inherited)",
				);
				GCC_WARN_64_TO_32_BIT_CONVERSION = YES;
				GCC_WARN_ABOUT_RETURN_TYPE = YES_ERROR;
				GCC_WARN_UNDECLARED_SELECTOR = YES;
				GCC_WARN_UNINITIALIZED_AUTOS = YES_AGGRESSIVE;
				GCC_WARN_UNUSED_FUNCTION = YES;
				GCC_WARN_UNUSED_VARIABLE = YES;
				IPHONEOS_DEPLOYMENT_TARGET = 12.2;
				MTL_ENABLE_DEBUG_INFO = INCLUDE_SOURCE;
				MTL_FAST_MATH = YES;
				ONLY_ACTIVE_ARCH = YES;
				SDKROOT = iphoneos;
				SWIFT_ACTIVE_COMPILATION_CONDITIONS = DEBUG;
				SWIFT_OPTIMIZATION_LEVEL = "-Onone";
			};
			name = Debug;
		};
		39F7BA3D22E7091100FDFF90 /* Release */ = {
			isa = XCBuildConfiguration;
			buildSettings = {
				ALWAYS_SEARCH_USER_PATHS = NO;
				CLANG_ANALYZER_NONNULL = YES;
				CLANG_ANALYZER_NUMBER_OBJECT_CONVERSION = YES_AGGRESSIVE;
				CLANG_CXX_LANGUAGE_STANDARD = "gnu++14";
				CLANG_CXX_LIBRARY = "libc++";
				CLANG_ENABLE_MODULES = YES;
				CLANG_ENABLE_OBJC_ARC = YES;
				CLANG_ENABLE_OBJC_WEAK = YES;
				CLANG_WARN_BLOCK_CAPTURE_AUTORELEASING = YES;
				CLANG_WARN_BOOL_CONVERSION = YES;
				CLANG_WARN_COMMA = YES;
				CLANG_WARN_CONSTANT_CONVERSION = YES;
				CLANG_WARN_DEPRECATED_OBJC_IMPLEMENTATIONS = YES;
				CLANG_WARN_DIRECT_OBJC_ISA_USAGE = YES_ERROR;
				CLANG_WARN_DOCUMENTATION_COMMENTS = YES;
				CLANG_WARN_EMPTY_BODY = YES;
				CLANG_WARN_ENUM_CONVERSION = YES;
				CLANG_WARN_INFINITE_RECURSION = YES;
				CLANG_WARN_INT_CONVERSION = YES;
				CLANG_WARN_NON_LITERAL_NULL_CONVERSION = YES;
				CLANG_WARN_OBJC_IMPLICIT_RETAIN_SELF = YES;
				CLANG_WARN_OBJC_LITERAL_CONVERSION = YES;
				CLANG_WARN_OBJC_ROOT_CLASS = YES_ERROR;
				CLANG_WARN_RANGE_LOOP_ANALYSIS = YES;
				CLANG_WARN_STRICT_PROTOTYPES = YES;
				CLANG_WARN_SUSPICIOUS_MOVE = YES;
				CLANG_WARN_UNGUARDED_AVAILABILITY = YES_AGGRESSIVE;
				CLANG_WARN_UNREACHABLE_CODE = YES;
				CLANG_WARN__DUPLICATE_METHOD_MATCH = YES;
				CODE_SIGN_IDENTITY = "iPhone Developer";
				COPY_PHASE_STRIP = NO;
				DEBUG_INFORMATION_FORMAT = "dwarf-with-dsym";
				ENABLE_NS_ASSERTIONS = NO;
				ENABLE_STRICT_OBJC_MSGSEND = YES;
				GCC_C_LANGUAGE_STANDARD = gnu11;
				GCC_NO_COMMON_BLOCKS = YES;
				GCC_WARN_64_TO_32_BIT_CONVERSION = YES;
				GCC_WARN_ABOUT_RETURN_TYPE = YES_ERROR;
				GCC_WARN_UNDECLARED_SELECTOR = YES;
				GCC_WARN_UNINITIALIZED_AUTOS = YES_AGGRESSIVE;
				GCC_WARN_UNUSED_FUNCTION = YES;
				GCC_WARN_UNUSED_VARIABLE = YES;
				IPHONEOS_DEPLOYMENT_TARGET = 12.2;
				MTL_ENABLE_DEBUG_INFO = NO;
				MTL_FAST_MATH = YES;
				SDKROOT = iphoneos;
				SWIFT_COMPILATION_MODE = wholemodule;
				SWIFT_OPTIMIZATION_LEVEL = "-O";
				VALIDATE_PRODUCT = YES;
			};
			name = Release;
		};
		39F7BA3F22E7091100FDFF90 /* Debug */ = {
			isa = XCBuildConfiguration;
			baseConfigurationReference = C4552B338F784CA3E32795A0 /* Pods-Zpevnik.debug.xcconfig */;
			buildSettings = {
				ASSETCATALOG_COMPILER_APPICON_NAME = appIcon;
				CODE_SIGN_STYLE = Automatic;
				CURRENT_PROJECT_VERSION = 21;
				DEVELOPMENT_TEAM = FQHP4NZDDV;
				INFOPLIST_FILE = Zpevnik/Info.plist;
				IPHONEOS_DEPLOYMENT_TARGET = 12.0;
				LD_RUNPATH_SEARCH_PATHS = (
					"$(inherited)",
					"@executable_path/Frameworks",
				);
				MARKETING_VERSION = 2.0;
				OTHER_LDFLAGS = (
					"$(inherited)",
					"-weak_framework",
					SwiftUI,
				);
				PRODUCT_BUNDLE_IDENTIFIER = cz.proscholy.id.Zpevnik;
				PRODUCT_NAME = "$(TARGET_NAME)";
				SWIFT_VERSION = 5.0;
				TARGETED_DEVICE_FAMILY = "1,2";
			};
			name = Debug;
		};
		39F7BA4022E7091100FDFF90 /* Release */ = {
			isa = XCBuildConfiguration;
			baseConfigurationReference = 35EDD70824929E08EF710404 /* Pods-Zpevnik.release.xcconfig */;
			buildSettings = {
				ASSETCATALOG_COMPILER_APPICON_NAME = appIcon;
				CODE_SIGN_STYLE = Automatic;
				CURRENT_PROJECT_VERSION = 21;
				DEVELOPMENT_TEAM = FQHP4NZDDV;
				INFOPLIST_FILE = Zpevnik/Info.plist;
				IPHONEOS_DEPLOYMENT_TARGET = 12.0;
				LD_RUNPATH_SEARCH_PATHS = (
					"$(inherited)",
					"@executable_path/Frameworks",
				);
				MARKETING_VERSION = 2.0;
				OTHER_LDFLAGS = (
					"$(inherited)",
					"-weak_framework",
					SwiftUI,
				);
				PRODUCT_BUNDLE_IDENTIFIER = cz.proscholy.id.Zpevnik;
				PRODUCT_NAME = "$(TARGET_NAME)";
				SWIFT_VERSION = 5.0;
				TARGETED_DEVICE_FAMILY = "1,2";
			};
			name = Release;
		};
/* End XCBuildConfiguration section */

/* Begin XCConfigurationList section */
		39F7BA2422E7090F00FDFF90 /* Build configuration list for PBXProject "Zpevnik" */ = {
			isa = XCConfigurationList;
			buildConfigurations = (
				39F7BA3C22E7091100FDFF90 /* Debug */,
				39F7BA3D22E7091100FDFF90 /* Release */,
			);
			defaultConfigurationIsVisible = 0;
			defaultConfigurationName = Release;
		};
		39F7BA3E22E7091100FDFF90 /* Build configuration list for PBXNativeTarget "Zpevnik" */ = {
			isa = XCConfigurationList;
			buildConfigurations = (
				39F7BA3F22E7091100FDFF90 /* Debug */,
				39F7BA4022E7091100FDFF90 /* Release */,
			);
			defaultConfigurationIsVisible = 0;
			defaultConfigurationName = Release;
		};
/* End XCConfigurationList section */

/* Begin XCVersionGroup section */
		391F764223BE2AEE008BDD0F /* Zpevnik.xcdatamodeld */ = {
			isa = XCVersionGroup;
			children = (
				39357F5523C0A382001B0387 /* Zpevnik v4.xcdatamodel */,
				391F764323BE2AEE008BDD0F /* Zpevnik v3.xcdatamodel */,
				391F764423BE2AEE008BDD0F /* Zpevnik.xcdatamodel */,
				391F764523BE2AEE008BDD0F /* Zpevnik v2.xcdatamodel */,
			);
			currentVersion = 39357F5523C0A382001B0387 /* Zpevnik v4.xcdatamodel */;
			path = Zpevnik.xcdatamodeld;
			sourceTree = "<group>";
			versionGroupType = wrapper.xcdatamodel;
		};
/* End XCVersionGroup section */
	};
	rootObject = 39F7BA2122E7090F00FDFF90 /* Project object */;
}
